
Microsoft Visual Studio Solution File, Format Version 12.00
# Visual Studio Version 17
VisualStudioVersion = 17.3.32929.385
MinimumVisualStudioVersion = 10.0.40219.1
Project("{FAE04EC0-301F-11D3-BF4B-00C04F79EFBC}") = "RSA console app", "RSA console app\RSA console app.csproj", "{238C8C69-8E92-4BED-BBAB-FA154C6A12A8}"
EndProject
Project("{FAE04EC0-301F-11D3-BF4B-00C04F79EFBC}") = "RSA console app TEST", "RSA console app TEST\RSA console app TEST.csproj", "{5351BC7E-9A72-426B-8CF9-EACABA5ADF85}"
EndProject
Global
	GlobalSection(SolutionConfigurationPlatforms) = preSolution
		Debug|Any CPU = Debug|Any CPU
		Release|Any CPU = Release|Any CPU
	EndGlobalSection
	GlobalSection(ProjectConfigurationPlatforms) = postSolution
		{238C8C69-8E92-4BED-BBAB-FA154C6A12A8}.Debug|Any CPU.ActiveCfg = Debug|Any CPU
		{238C8C69-8E92-4BED-BBAB-FA154C6A12A8}.Debug|Any CPU.Build.0 = Debug|Any CPU
		{238C8C69-8E92-4BED-BBAB-FA154C6A12A8}.Release|Any CPU.ActiveCfg = Release|Any CPU
		{238C8C69-8E92-4BED-BBAB-FA154C6A12A8}.Release|Any CPU.Build.0 = Release|Any CPU
		{5351BC7E-9A72-426B-8CF9-EACABA5ADF85}.Debug|Any CPU.ActiveCfg = Debug|Any CPU
		{5351BC7E-9A72-426B-8CF9-EACABA5ADF85}.Debug|Any CPU.Build.0 = Debug|Any CPU
		{5351BC7E-9A72-426B-8CF9-EACABA5ADF85}.Release|Any CPU.ActiveCfg = Release|Any CPU
		{5351BC7E-9A72-426B-8CF9-EACABA5ADF85}.Release|Any CPU.Build.0 = Release|Any CPU
	EndGlobalSection
	GlobalSection(SolutionProperties) = preSolution
		HideSolutionNode = FALSE
	EndGlobalSection
	GlobalSection(ExtensibilityGlobals) = postSolution
		SolutionGuid = {1294C47F-A4BE-40F3-B1AB-C883961C3063}
	EndGlobalSection
EndGlobal
